
Microsoft Visual Studio Solution File, Format Version 12.00
# Visual Studio Version 16
VisualStudioVersion = 16.0.30104.148
MinimumVisualStudioVersion = 10.0.40219.1
Project("{9A19103F-16F7-4668-BE54-9A1E7A4F7556}") = "RazerPages", "RazerPages\RazerPages.csproj", "{2600C6C4-7CB9-4F28-B09D-C6405F370957}"
EndProject
Project("{9A19103F-16F7-4668-BE54-9A1E7A4F7556}") = "MVC", "MVC\MVC.csproj", "{CB0E5D12-2E79-4C3B-9DBD-12C178A4812C}"
EndProject
Project("{9A19103F-16F7-4668-BE54-9A1E7A4F7556}") = "API", "API\API.csproj", "{6D947483-0BDD-4310-A8D0-15735550D75B}"
EndProject
Project("{9A19103F-16F7-4668-BE54-9A1E7A4F7556}") = "BlazorServer", "BlazorServer\BlazorServer.csproj", "{605070B2-3661-4CD6-8F89-EB60AA9ECCC6}"
EndProject
Project("{FAE04EC0-301F-11D3-BF4B-00C04F79EFBC}") = "BlazorClient", "BlazorClient\BlazorClient.csproj", "{F8189B55-085B-414D-A612-44A48B6A9783}"
EndProject
Global
	GlobalSection(SolutionConfigurationPlatforms) = preSolution
		Debug|Any CPU = Debug|Any CPU
		Release|Any CPU = Release|Any CPU
	EndGlobalSection
	GlobalSection(ProjectConfigurationPlatforms) = postSolution
		{2600C6C4-7CB9-4F28-B09D-C6405F370957}.Debug|Any CPU.ActiveCfg = Debug|Any CPU
		{2600C6C4-7CB9-4F28-B09D-C6405F370957}.Debug|Any CPU.Build.0 = Debug|Any CPU
		{2600C6C4-7CB9-4F28-B09D-C6405F370957}.Release|Any CPU.ActiveCfg = Release|Any CPU
		{2600C6C4-7CB9-4F28-B09D-C6405F370957}.Release|Any CPU.Build.0 = Release|Any CPU
		{CB0E5D12-2E79-4C3B-9DBD-12C178A4812C}.Debug|Any CPU.ActiveCfg = Debug|Any CPU
		{CB0E5D12-2E79-4C3B-9DBD-12C178A4812C}.Debug|Any CPU.Build.0 = Debug|Any CPU
		{CB0E5D12-2E79-4C3B-9DBD-12C178A4812C}.Release|Any CPU.ActiveCfg = Release|Any CPU
		{CB0E5D12-2E79-4C3B-9DBD-12C178A4812C}.Release|Any CPU.Build.0 = Release|Any CPU
		{6D947483-0BDD-4310-A8D0-15735550D75B}.Debug|Any CPU.ActiveCfg = Debug|Any CPU
		{6D947483-0BDD-4310-A8D0-15735550D75B}.Debug|Any CPU.Build.0 = Debug|Any CPU
		{6D947483-0BDD-4310-A8D0-15735550D75B}.Release|Any CPU.ActiveCfg = Release|Any CPU
		{6D947483-0BDD-4310-A8D0-15735550D75B}.Release|Any CPU.Build.0 = Release|Any CPU
		{605070B2-3661-4CD6-8F89-EB60AA9ECCC6}.Debug|Any CPU.ActiveCfg = Debug|Any CPU
		{605070B2-3661-4CD6-8F89-EB60AA9ECCC6}.Debug|Any CPU.Build.0 = Debug|Any CPU
		{605070B2-3661-4CD6-8F89-EB60AA9ECCC6}.Release|Any CPU.ActiveCfg = Release|Any CPU
		{605070B2-3661-4CD6-8F89-EB60AA9ECCC6}.Release|Any CPU.Build.0 = Release|Any CPU
		{F8189B55-085B-414D-A612-44A48B6A9783}.Debug|Any CPU.ActiveCfg = Debug|Any CPU
		{F8189B55-085B-414D-A612-44A48B6A9783}.Debug|Any CPU.Build.0 = Debug|Any CPU
		{F8189B55-085B-414D-A612-44A48B6A9783}.Release|Any CPU.ActiveCfg = Release|Any CPU
		{F8189B55-085B-414D-A612-44A48B6A9783}.Release|Any CPU.Build.0 = Release|Any CPU
	EndGlobalSection
	GlobalSection(SolutionProperties) = preSolution
		HideSolutionNode = FALSE
	EndGlobalSection
	GlobalSection(ExtensibilityGlobals) = postSolution
		SolutionGuid = {CBC292D3-0081-4509-A3EF-90FA50D57B2C}
	EndGlobalSection
EndGlobal
